
Microsoft Visual Studio Solution File, Format Version 12.00
# Visual Studio Version 17
VisualStudioVersion = 17.11.35312.102
MinimumVisualStudioVersion = 10.0.40219.1
Project("{FAE04EC0-301F-11D3-BF4B-00C04F79EFBC}") = "ECommerce.API", "ECommerce.API\ECommerce.API.csproj", "{095F0FDA-3D90-472D-9603-FED05673B7FF}"
EndProject
Project("{FAE04EC0-301F-11D3-BF4B-00C04F79EFBC}") = "ECommerce.Business", "ECommerce.Business\ECommerce.Business.csproj", "{F6F8EA7A-D720-4DC3-82F3-5E168FBDC0EE}"
EndProject
Project("{FAE04EC0-301F-11D3-BF4B-00C04F79EFBC}") = "ECommers.Data", "ECommers.Data\ECommers.Data.csproj", "{BD9C00E8-10EE-4E0F-A298-83793965C22B}"
EndProject
Project("{FAE04EC0-301F-11D3-BF4B-00C04F79EFBC}") = "ECommers.Entity", "ECommers.Entity\ECommers.Entity.csproj", "{392CAD10-F475-4327-B33F-B8A270769993}"
EndProject
Project("{FAE04EC0-301F-11D3-BF4B-00C04F79EFBC}") = "ECommers.Shared", "ECommers.Shared\ECommers.Shared.csproj", "{AB241CE4-10B2-4182-8E4C-433D7C4D5646}"
EndProject
Global
	GlobalSection(SolutionConfigurationPlatforms) = preSolution
		Debug|Any CPU = Debug|Any CPU
		Release|Any CPU = Release|Any CPU
	EndGlobalSection
	GlobalSection(ProjectConfigurationPlatforms) = postSolution
		{095F0FDA-3D90-472D-9603-FED05673B7FF}.Debug|Any CPU.ActiveCfg = Debug|Any CPU
		{095F0FDA-3D90-472D-9603-FED05673B7FF}.Debug|Any CPU.Build.0 = Debug|Any CPU
		{095F0FDA-3D90-472D-9603-FED05673B7FF}.Release|Any CPU.ActiveCfg = Release|Any CPU
		{095F0FDA-3D90-472D-9603-FED05673B7FF}.Release|Any CPU.Build.0 = Release|Any CPU
		{F6F8EA7A-D720-4DC3-82F3-5E168FBDC0EE}.Debug|Any CPU.ActiveCfg = Debug|Any CPU
		{F6F8EA7A-D720-4DC3-82F3-5E168FBDC0EE}.Debug|Any CPU.Build.0 = Debug|Any CPU
		{F6F8EA7A-D720-4DC3-82F3-5E168FBDC0EE}.Release|Any CPU.ActiveCfg = Release|Any CPU
		{F6F8EA7A-D720-4DC3-82F3-5E168FBDC0EE}.Release|Any CPU.Build.0 = Release|Any CPU
		{BD9C00E8-10EE-4E0F-A298-83793965C22B}.Debug|Any CPU.ActiveCfg = Debug|Any CPU
		{BD9C00E8-10EE-4E0F-A298-83793965C22B}.Debug|Any CPU.Build.0 = Debug|Any CPU
		{BD9C00E8-10EE-4E0F-A298-83793965C22B}.Release|Any CPU.ActiveCfg = Release|Any CPU
		{BD9C00E8-10EE-4E0F-A298-83793965C22B}.Release|Any CPU.Build.0 = Release|Any CPU
		{392CAD10-F475-4327-B33F-B8A270769993}.Debug|Any CPU.ActiveCfg = Debug|Any CPU
		{392CAD10-F475-4327-B33F-B8A270769993}.Debug|Any CPU.Build.0 = Debug|Any CPU
		{392CAD10-F475-4327-B33F-B8A270769993}.Release|Any CPU.ActiveCfg = Release|Any CPU
		{392CAD10-F475-4327-B33F-B8A270769993}.Release|Any CPU.Build.0 = Release|Any CPU
		{AB241CE4-10B2-4182-8E4C-433D7C4D5646}.Debug|Any CPU.ActiveCfg = Debug|Any CPU
		{AB241CE4-10B2-4182-8E4C-433D7C4D5646}.Debug|Any CPU.Build.0 = Debug|Any CPU
		{AB241CE4-10B2-4182-8E4C-433D7C4D5646}.Release|Any CPU.ActiveCfg = Release|Any CPU
		{AB241CE4-10B2-4182-8E4C-433D7C4D5646}.Release|Any CPU.Build.0 = Release|Any CPU
	EndGlobalSection
	GlobalSection(SolutionProperties) = preSolution
		HideSolutionNode = FALSE
	EndGlobalSection
	GlobalSection(ExtensibilityGlobals) = postSolution
		SolutionGuid = {776F0DFC-E162-451B-93CA-A4E1B32ED113}
	EndGlobalSection
EndGlobal
